// !$*UTF8*$!
{
	archiveVersion = 1;
	classes = {
	};
	objectVersion = 52;
	objects = {

/* Begin PBXBuildFile section */
		21524203279187E0008CF454 /* Realm in Frameworks */ = {isa = PBXBuildFile; productRef = 21524202279187E0008CF454 /* Realm */; };
		21524205279187E0008CF454 /* RealmSwift in Frameworks */ = {isa = PBXBuildFile; productRef = 21524204279187E0008CF454 /* RealmSwift */; };
		21524207279189D6008CF454 /* Monster.swift in Sources */ = {isa = PBXBuildFile; fileRef = 21524206279189D6008CF454 /* Monster.swift */; };
		2152420927918B45008CF454 /* MonsterList.swift in Sources */ = {isa = PBXBuildFile; fileRef = 2152420827918B45008CF454 /* MonsterList.swift */; };
		217C9135276C95B4005E3F9A /* CustomCellCollectionViewCell.swift in Sources */ = {isa = PBXBuildFile; fileRef = 217C9133276C95B4005E3F9A /* CustomCellCollectionViewCell.swift */; };
		217C9136276C95B4005E3F9A /* CustomCellCollectionViewCell.xib in Resources */ = {isa = PBXBuildFile; fileRef = 217C9134276C95B4005E3F9A /* CustomCellCollectionViewCell.xib */; };
		218329DE2763626E00573556 /* CharacterListViewController.swift in Sources */ = {isa = PBXBuildFile; fileRef = 218329DD2763626E00573556 /* CharacterListViewController.swift */; };
		2192E91326BD46A500338089 /* Result10ViewController.swift in Sources */ = {isa = PBXBuildFile; fileRef = 2192E91226BD46A500338089 /* Result10ViewController.swift */; };
		21B397082673703400D410E2 /* AppDelegate.swift in Sources */ = {isa = PBXBuildFile; fileRef = 21B397072673703400D410E2 /* AppDelegate.swift */; };
		21B3970A2673703400D410E2 /* SceneDelegate.swift in Sources */ = {isa = PBXBuildFile; fileRef = 21B397092673703400D410E2 /* SceneDelegate.swift */; };
		21B3970C2673703400D410E2 /* ViewController.swift in Sources */ = {isa = PBXBuildFile; fileRef = 21B3970B2673703400D410E2 /* ViewController.swift */; };
		21B3970F2673703400D410E2 /* Main.storyboard in Resources */ = {isa = PBXBuildFile; fileRef = 21B3970D2673703400D410E2 /* Main.storyboard */; };
		21B397112673704300D410E2 /* Assets.xcassets in Resources */ = {isa = PBXBuildFile; fileRef = 21B397102673704300D410E2 /* Assets.xcassets */; };
		21B397142673704300D410E2 /* LaunchScreen.storyboard in Resources */ = {isa = PBXBuildFile; fileRef = 21B397122673704300D410E2 /* LaunchScreen.storyboard */; };
		21B3972D267372A900D410E2 /* bg_blue@2x.png in Resources */ = {isa = PBXBuildFile; fileRef = 21B3971E267372A800D410E2 /* bg_blue@2x.png */; };
		21B3972E267372A900D410E2 /* bg_gold@2x.png in Resources */ = {isa = PBXBuildFile; fileRef = 21B3971F267372A900D410E2 /* bg_gold@2x.png */; };
		21B3972F267372A900D410E2 /* gacha@2x.png in Resources */ = {isa = PBXBuildFile; fileRef = 21B39720267372A900D410E2 /* gacha@2x.png */; };
		21B39730267372A900D410E2 /* bg_red@2x.png in Resources */ = {isa = PBXBuildFile; fileRef = 21B39721267372A900D410E2 /* bg_red@2x.png */; };
		21B39731267372A900D410E2 /* monster005.png in Resources */ = {isa = PBXBuildFile; fileRef = 21B39723267372A900D410E2 /* monster005.png */; };
		21B39732267372A900D410E2 /* monster010.png in Resources */ = {isa = PBXBuildFile; fileRef = 21B39724267372A900D410E2 /* monster010.png */; };
		21B39733267372A900D410E2 /* monster004.png in Resources */ = {isa = PBXBuildFile; fileRef = 21B39725267372A900D410E2 /* monster004.png */; };
		21B39734267372A900D410E2 /* monster006.png in Resources */ = {isa = PBXBuildFile; fileRef = 21B39726267372A900D410E2 /* monster006.png */; };
		21B39735267372A900D410E2 /* monster007.png in Resources */ = {isa = PBXBuildFile; fileRef = 21B39727267372A900D410E2 /* monster007.png */; };
		21B39736267372A900D410E2 /* monster003.png in Resources */ = {isa = PBXBuildFile; fileRef = 21B39728267372A900D410E2 /* monster003.png */; };
		21B39737267372A900D410E2 /* monster002.png in Resources */ = {isa = PBXBuildFile; fileRef = 21B39729267372A900D410E2 /* monster002.png */; };
		21B39738267372A900D410E2 /* monster001.png in Resources */ = {isa = PBXBuildFile; fileRef = 21B3972A267372A900D410E2 /* monster001.png */; };
		21B39739267372A900D410E2 /* monster009.png in Resources */ = {isa = PBXBuildFile; fileRef = 21B3972B267372A900D410E2 /* monster009.png */; };
		21B3973A267372A900D410E2 /* monster008.png in Resources */ = {isa = PBXBuildFile; fileRef = 21B3972C267372A900D410E2 /* monster008.png */; };
		21B3973D2673794C00D410E2 /* ResulltViewControllen.swift in Sources */ = {isa = PBXBuildFile; fileRef = 21B3973C2673794C00D410E2 /* ResulltViewControllen.swift */; };
/* End PBXBuildFile section */

/* Begin PBXFileReference section */
		21524206279189D6008CF454 /* Monster.swift */ = {isa = PBXFileReference; lastKnownFileType = sourcecode.swift; path = Monster.swift; sourceTree = "<group>"; };
		2152420827918B45008CF454 /* MonsterList.swift */ = {isa = PBXFileReference; lastKnownFileType = sourcecode.swift; path = MonsterList.swift; sourceTree = "<group>"; };
		217C9133276C95B4005E3F9A /* CustomCellCollectionViewCell.swift */ = {isa = PBXFileReference; lastKnownFileType = sourcecode.swift; path = CustomCellCollectionViewCell.swift; sourceTree = "<group>"; };
		217C9134276C95B4005E3F9A /* CustomCellCollectionViewCell.xib */ = {isa = PBXFileReference; lastKnownFileType = file.xib; path = CustomCellCollectionViewCell.xib; sourceTree = "<group>"; };
		218329DD2763626E00573556 /* CharacterListViewController.swift */ = {isa = PBXFileReference; lastKnownFileType = sourcecode.swift; path = CharacterListViewController.swift; sourceTree = "<group>"; };
		2192E91226BD46A500338089 /* Result10ViewController.swift */ = {isa = PBXFileReference; lastKnownFileType = sourcecode.swift; path = Result10ViewController.swift; sourceTree = "<group>"; };
		21B397042673703400D410E2 /* Gaoha.app */ = {isa = PBXFileReference; explicitFileType = wrapper.application; includeInIndex = 0; path = Gaoha.app; sourceTree = BUILT_PRODUCTS_DIR; };
		21B397072673703400D410E2 /* AppDelegate.swift */ = {isa = PBXFileReference; lastKnownFileType = sourcecode.swift; path = AppDelegate.swift; sourceTree = "<group>"; };
		21B397092673703400D410E2 /* SceneDelegate.swift */ = {isa = PBXFileReference; lastKnownFileType = sourcecode.swift; path = SceneDelegate.swift; sourceTree = "<group>"; };
		21B3970B2673703400D410E2 /* ViewController.swift */ = {isa = PBXFileReference; lastKnownFileType = sourcecode.swift; path = ViewController.swift; sourceTree = "<group>"; };
		21B3970E2673703400D410E2 /* Base */ = {isa = PBXFileReference; lastKnownFileType = file.storyboard; name = Base; path = Base.lproj/Main.storyboard; sourceTree = "<group>"; };
		21B397102673704300D410E2 /* Assets.xcassets */ = {isa = PBXFileReference; lastKnownFileType = folder.assetcatalog; path = Assets.xcassets; sourceTree = "<group>"; };
		21B397132673704300D410E2 /* Base */ = {isa = PBXFileReference; lastKnownFileType = file.storyboard; name = Base; path = Base.lproj/LaunchScreen.storyboard; sourceTree = "<group>"; };
		21B397152673704300D410E2 /* Info.plist */ = {isa = PBXFileReference; lastKnownFileType = text.plist.xml; path = Info.plist; sourceTree = "<group>"; };
		21B3971E267372A800D410E2 /* bg_blue@2x.png */ = {isa = PBXFileReference; lastKnownFileType = image.png; path = "bg_blue@2x.png"; sourceTree = "<group>"; };
		21B3971F267372A900D410E2 /* bg_gold@2x.png */ = {isa = PBXFileReference; lastKnownFileType = image.png; path = "bg_gold@2x.png"; sourceTree = "<group>"; };
		21B39720267372A900D410E2 /* gacha@2x.png */ = {isa = PBXFileReference; lastKnownFileType = image.png; path = "gacha@2x.png"; sourceTree = "<group>"; };
		21B39721267372A900D410E2 /* bg_red@2x.png */ = {isa = PBXFileReference; lastKnownFileType = image.png; path = "bg_red@2x.png"; sourceTree = "<group>"; };
		21B39723267372A900D410E2 /* monster005.png */ = {isa = PBXFileReference; lastKnownFileType = image.png; path = monster005.png; sourceTree = "<group>"; };
		21B39724267372A900D410E2 /* monster010.png */ = {isa = PBXFileReference; lastKnownFileType = image.png; path = monster010.png; sourceTree = "<group>"; };
		21B39725267372A900D410E2 /* monster004.png */ = {isa = PBXFileReference; lastKnownFileType = image.png; path = monster004.png; sourceTree = "<group>"; };
		21B39726267372A900D410E2 /* monster006.png */ = {isa = PBXFileReference; lastKnownFileType = image.png; path = monster006.png; sourceTree = "<group>"; };
		21B39727267372A900D410E2 /* monster007.png */ = {isa = PBXFileReference; lastKnownFileType = image.png; path = monster007.png; sourceTree = "<group>"; };
		21B39728267372A900D410E2 /* monster003.png */ = {isa = PBXFileReference; lastKnownFileType = image.png; path = monster003.png; sourceTree = "<group>"; };
		21B39729267372A900D410E2 /* monster002.png */ = {isa = PBXFileReference; lastKnownFileType = image.png; path = monster002.png; sourceTree = "<group>"; };
		21B3972A267372A900D410E2 /* monster001.png */ = {isa = PBXFileReference; lastKnownFileType = image.png; path = monster001.png; sourceTree = "<group>"; };
		21B3972B267372A900D410E2 /* monster009.png */ = {isa = PBXFileReference; lastKnownFileType = image.png; path = monster009.png; sourceTree = "<group>"; };
		21B3972C267372A900D410E2 /* monster008.png */ = {isa = PBXFileReference; lastKnownFileType = image.png; path = monster008.png; sourceTree = "<group>"; };
		21B3973C2673794C00D410E2 /* ResulltViewControllen.swift */ = {isa = PBXFileReference; lastKnownFileType = sourcecode.swift; path = ResulltViewControllen.swift; sourceTree = "<group>"; };
/* End PBXFileReference section */

/* Begin PBXFrameworksBuildPhase section */
		21B397012673703400D410E2 /* Frameworks */ = {
			isa = PBXFrameworksBuildPhase;
			buildActionMask = 2147483647;
			files = (
				21524205279187E0008CF454 /* RealmSwift in Frameworks */,
				21524203279187E0008CF454 /* Realm in Frameworks */,
			);
			runOnlyForDeploymentPostprocessing = 0;
		};
/* End PBXFrameworksBuildPhase section */

/* Begin PBXGroup section */
		21B396FB2673703400D410E2 = {
			isa = PBXGroup;
			children = (
				21B397062673703400D410E2 /* Gaoha */,
				21B397052673703400D410E2 /* Products */,
			);
			sourceTree = "<group>";
		};
		21B397052673703400D410E2 /* Products */ = {
			isa = PBXGroup;
			children = (
				21B397042673703400D410E2 /* Gaoha.app */,
			);
			name = Products;
			sourceTree = "<group>";
		};
		21B397062673703400D410E2 /* Gaoha */ = {
			isa = PBXGroup;
			children = (
				21B3971C267372A800D410E2 /* GachaResources */,
				21B397072673703400D410E2 /* AppDelegate.swift */,
				21B397092673703400D410E2 /* SceneDelegate.swift */,
				21B3973C2673794C00D410E2 /* ResulltViewControllen.swift */,
				21B3970B2673703400D410E2 /* ViewController.swift */,
				21B3970D2673703400D410E2 /* Main.storyboard */,
				218329DD2763626E00573556 /* CharacterListViewController.swift */,
				217C9133276C95B4005E3F9A /* CustomCellCollectionViewCell.swift */,
				217C9134276C95B4005E3F9A /* CustomCellCollectionViewCell.xib */,
				21B397102673704300D410E2 /* Assets.xcassets */,
				21B397122673704300D410E2 /* LaunchScreen.storyboard */,
				21B397152673704300D410E2 /* Info.plist */,
				2192E91226BD46A500338089 /* Result10ViewController.swift */,
				2152420827918B45008CF454 /* MonsterList.swift */,
			);
			path = Gaoha;
			sourceTree = "<group>";
		};
		21B3971C267372A800D410E2 /* GachaResources */ = {
			isa = PBXGroup;
			children = (
				21B3971D267372A800D410E2 /* background */,
				21B39722267372A900D410E2 /* monster */,
				21524206279189D6008CF454 /* Monster.swift */,
			);
			path = GachaResources;
			sourceTree = "<group>";
		};
		21B3971D267372A800D410E2 /* background */ = {
			isa = PBXGroup;
			children = (
				21B3971E267372A800D410E2 /* bg_blue@2x.png */,
				21B3971F267372A900D410E2 /* bg_gold@2x.png */,
				21B39720267372A900D410E2 /* gacha@2x.png */,
				21B39721267372A900D410E2 /* bg_red@2x.png */,
			);
			path = background;
			sourceTree = "<group>";
		};
		21B39722267372A900D410E2 /* monster */ = {
			isa = PBXGroup;
			children = (
				21B39723267372A900D410E2 /* monster005.png */,
				21B39724267372A900D410E2 /* monster010.png */,
				21B39725267372A900D410E2 /* monster004.png */,
				21B39726267372A900D410E2 /* monster006.png */,
				21B39727267372A900D410E2 /* monster007.png */,
				21B39728267372A900D410E2 /* monster003.png */,
				21B39729267372A900D410E2 /* monster002.png */,
				21B3972A267372A900D410E2 /* monster001.png */,
				21B3972B267372A900D410E2 /* monster009.png */,
				21B3972C267372A900D410E2 /* monster008.png */,
			);
			path = monster;
			sourceTree = "<group>";
		};
/* End PBXGroup section */

/* Begin PBXNativeTarget section */
		21B397032673703400D410E2 /* Gaoha */ = {
			isa = PBXNativeTarget;
			buildConfigurationList = 21B397182673704300D410E2 /* Build configuration list for PBXNativeTarget "Gaoha" */;
			buildPhases = (
				21B397002673703400D410E2 /* Sources */,
				21B397012673703400D410E2 /* Frameworks */,
				21B397022673703400D410E2 /* Resources */,
			);
			buildRules = (
			);
			dependencies = (
			);
			name = Gaoha;
			packageProductDependencies = (
				21524202279187E0008CF454 /* Realm */,
				21524204279187E0008CF454 /* RealmSwift */,
			);
			productName = Gaoha;
			productReference = 21B397042673703400D410E2 /* Gaoha.app */;
			productType = "com.apple.product-type.application";
		};
/* End PBXNativeTarget section */

/* Begin PBXProject section */
		21B396FC2673703400D410E2 /* Project object */ = {
			isa = PBXProject;
			attributes = {
				LastSwiftUpdateCheck = 1240;
				LastUpgradeCheck = 1240;
				TargetAttributes = {
					21B397032673703400D410E2 = {
						CreatedOnToolsVersion = 12.4;
					};
				};
			};
			buildConfigurationList = 21B396FF2673703400D410E2 /* Build configuration list for PBXProject "Gaoha" */;
			compatibilityVersion = "Xcode 9.3";
			developmentRegion = en;
			hasScannedForEncodings = 0;
			knownRegions = (
				en,
				Base,
			);
			mainGroup = 21B396FB2673703400D410E2;
			packageReferences = (
				21524201279187E0008CF454 /* XCRemoteSwiftPackageReference "realm-cocoa" */,
			);
			productRefGroup = 21B397052673703400D410E2 /* Products */;
			projectDirPath = "";
			projectRoot = "";
			targets = (
				21B397032673703400D410E2 /* Gaoha */,
			);
		};
/* End PBXProject section */

/* Begin PBXResourcesBuildPhase section */
		21B397022673703400D410E2 /* Resources */ = {
			isa = PBXResourcesBuildPhase;
			buildActionMask = 2147483647;
			files = (
				21B39730267372A900D410E2 /* bg_red@2x.png in Resources */,
				21B397142673704300D410E2 /* LaunchScreen.storyboard in Resources */,
				217C9136276C95B4005E3F9A /* CustomCellCollectionViewCell.xib in Resources */,
				21B39739267372A900D410E2 /* monster009.png in Resources */,
				21B3972E267372A900D410E2 /* bg_gold@2x.png in Resources */,
				21B39736267372A900D410E2 /* monster003.png in Resources */,
				21B39738267372A900D410E2 /* monster001.png in Resources */,
				21B3973A267372A900D410E2 /* monster008.png in Resources */,
				21B397112673704300D410E2 /* Assets.xcassets in Resources */,
				21B39735267372A900D410E2 /* monster007.png in Resources */,
				21B3972F267372A900D410E2 /* gacha@2x.png in Resources */,
				21B39737267372A900D410E2 /* monster002.png in Resources */,
				21B3970F2673703400D410E2 /* Main.storyboard in Resources */,
				21B39732267372A900D410E2 /* monster010.png in Resources */,
				21B39734267372A900D410E2 /* monster006.png in Resources */,
				21B39731267372A900D410E2 /* monster005.png in Resources */,
				21B3972D267372A900D410E2 /* bg_blue@2x.png in Resources */,
				21B39733267372A900D410E2 /* monster004.png in Resources */,
			);
			runOnlyForDeploymentPostprocessing = 0;
		};
/* End PBXResourcesBuildPhase section */

/* Begin PBXSourcesBuildPhase section */
		21B397002673703400D410E2 /* Sources */ = {
			isa = PBXSourcesBuildPhase;
			buildActionMask = 2147483647;
			files = (
				2192E91326BD46A500338089 /* Result10ViewController.swift in Sources */,
				21B3973D2673794C00D410E2 /* ResulltViewControllen.swift in Sources */,
				21B3970C2673703400D410E2 /* ViewController.swift in Sources */,
				21524207279189D6008CF454 /* Monster.swift in Sources */,
				2152420927918B45008CF454 /* MonsterList.swift in Sources */,
				21B397082673703400D410E2 /* AppDelegate.swift in Sources */,
				218329DE2763626E00573556 /* CharacterListViewController.swift in Sources */,
				217C9135276C95B4005E3F9A /* CustomCellCollectionViewCell.swift in Sources */,
				21B3970A2673703400D410E2 /* SceneDelegate.swift in Sources */,
			);
			runOnlyForDeploymentPostprocessing = 0;
		};
/* End PBXSourcesBuildPhase section */

/* Begin PBXVariantGroup section */
		21B3970D2673703400D410E2 /* Main.storyboard */ = {
			isa = PBXVariantGroup;
			children = (
				21B3970E2673703400D410E2 /* Base */,
			);
			name = Main.storyboard;
			sourceTree = "<group>";
		};
		21B397122673704300D410E2 /* LaunchScreen.storyboard */ = {
			isa = PBXVariantGroup;
			children = (
				21B397132673704300D410E2 /* Base */,
			);
			name = LaunchScreen.storyboard;
			sourceTree = "<group>";
		};
/* End PBXVariantGroup section */

/* Begin XCBuildConfiguration section */
		21B397162673704300D410E2 /* Debug */ = {
			isa = XCBuildConfiguration;
			buildSettings = {
				ALWAYS_SEARCH_USER_PATHS = NO;
				CLANG_ANALYZER_NONNULL = YES;
				CLANG_ANALYZER_NUMBER_OBJECT_CONVERSION = YES_AGGRESSIVE;
				CLANG_CXX_LANGUAGE_STANDARD = "gnu++14";
				CLANG_CXX_LIBRARY = "libc++";
				CLANG_ENABLE_MODULES = YES;
				CLANG_ENABLE_OBJC_ARC = YES;
				CLANG_ENABLE_OBJC_WEAK = YES;
				CLANG_WARN_BLOCK_CAPTURE_AUTORELEASING = YES;
				CLANG_WARN_BOOL_CONVERSION = YES;
				CLANG_WARN_COMMA = YES;
				CLANG_WARN_CONSTANT_CONVERSION = YES;
				CLANG_WARN_DEPRECATED_OBJC_IMPLEMENTATIONS = YES;
				CLANG_WARN_DIRECT_OBJC_ISA_USAGE = YES_ERROR;
				CLANG_WARN_DOCUMENTATION_COMMENTS = YES;
				CLANG_WARN_EMPTY_BODY = YES;
				CLANG_WARN_ENUM_CONVERSION = YES;
				CLANG_WARN_INFINITE_RECURSION = YES;
				CLANG_WARN_INT_CONVERSION = YES;
				CLANG_WARN_NON_LITERAL_NULL_CONVERSION = YES;
				CLANG_WARN_OBJC_IMPLICIT_RETAIN_SELF = YES;
				CLANG_WARN_OBJC_LITERAL_CONVERSION = YES;
				CLANG_WARN_OBJC_ROOT_CLASS = YES_ERROR;
				CLANG_WARN_QUOTED_INCLUDE_IN_FRAMEWORK_HEADER = YES;
				CLANG_WARN_RANGE_LOOP_ANALYSIS = YES;
				CLANG_WARN_STRICT_PROTOTYPES = YES;
				CLANG_WARN_SUSPICIOUS_MOVE = YES;
				CLANG_WARN_UNGUARDED_AVAILABILITY = YES_AGGRESSIVE;
				CLANG_WARN_UNREACHABLE_CODE = YES;
				CLANG_WARN__DUPLICATE_METHOD_MATCH = YES;
				COPY_PHASE_STRIP = NO;
				DEBUG_INFORMATION_FORMAT = dwarf;
				ENABLE_STRICT_OBJC_MSGSEND = YES;
				ENABLE_TESTABILITY = YES;
				GCC_C_LANGUAGE_STANDARD = gnu11;
				GCC_DYNAMIC_NO_PIC = NO;
				GCC_NO_COMMON_BLOCKS = YES;
				GCC_OPTIMIZATION_LEVEL = 0;
				GCC_PREPROCESSOR_DEFINITIONS = (
					"DEBUG=1",
					"$(inherited)",
				);
				GCC_WARN_64_TO_32_BIT_CONVERSION = YES;
				GCC_WARN_ABOUT_RETURN_TYPE = YES_ERROR;
				GCC_WARN_UNDECLARED_SELECTOR = YES;
				GCC_WARN_UNINITIALIZED_AUTOS = YES_AGGRESSIVE;
				GCC_WARN_UNUSED_FUNCTION = YES;
				GCC_WARN_UNUSED_VARIABLE = YES;
				IPHONEOS_DEPLOYMENT_TARGET = 14.4;
				MTL_ENABLE_DEBUG_INFO = INCLUDE_SOURCE;
				MTL_FAST_MATH = YES;
				ONLY_ACTIVE_ARCH = YES;
				SDKROOT = iphoneos;
				SWIFT_ACTIVE_COMPILATION_CONDITIONS = DEBUG;
				SWIFT_OPTIMIZATION_LEVEL = "-Onone";
			};
			name = Debug;
		};
		21B397172673704300D410E2 /* Release */ = {
			isa = XCBuildConfiguration;
			buildSettings = {
				ALWAYS_SEARCH_USER_PATHS = NO;
				CLANG_ANALYZER_NONNULL = YES;
				CLANG_ANALYZER_NUMBER_OBJECT_CONVERSION = YES_AGGRESSIVE;
				CLANG_CXX_LANGUAGE_STANDARD = "gnu++14";
				CLANG_CXX_LIBRARY = "libc++";
				CLANG_ENABLE_MODULES = YES;
				CLANG_ENABLE_OBJC_ARC = YES;
				CLANG_ENABLE_OBJC_WEAK = YES;
				CLANG_WARN_BLOCK_CAPTURE_AUTORELEASING = YES;
				CLANG_WARN_BOOL_CONVERSION = YES;
				CLANG_WARN_COMMA = YES;
				CLANG_WARN_CONSTANT_CONVERSION = YES;
				CLANG_WARN_DEPRECATED_OBJC_IMPLEMENTATIONS = YES;
				CLANG_WARN_DIRECT_OBJC_ISA_USAGE = YES_ERROR;
				CLANG_WARN_DOCUMENTATION_COMMENTS = YES;
				CLANG_WARN_EMPTY_BODY = YES;
				CLANG_WARN_ENUM_CONVERSION = YES;
				CLANG_WARN_INFINITE_RECURSION = YES;
				CLANG_WARN_INT_CONVERSION = YES;
				CLANG_WARN_NON_LITERAL_NULL_CONVERSION = YES;
				CLANG_WARN_OBJC_IMPLICIT_RETAIN_SELF = YES;
				CLANG_WARN_OBJC_LITERAL_CONVERSION = YES;
				CLANG_WARN_OBJC_ROOT_CLASS = YES_ERROR;
				CLANG_WARN_QUOTED_INCLUDE_IN_FRAMEWORK_HEADER = YES;
				CLANG_WARN_RANGE_LOOP_ANALYSIS = YES;
				CLANG_WARN_STRICT_PROTOTYPES = YES;
				CLANG_WARN_SUSPICIOUS_MOVE = YES;
				CLANG_WARN_UNGUARDED_AVAILABILITY = YES_AGGRESSIVE;
				CLANG_WARN_UNREACHABLE_CODE = YES;
				CLANG_WARN__DUPLICATE_METHOD_MATCH = YES;
				COPY_PHASE_STRIP = NO;
				DEBUG_INFORMATION_FORMAT = "dwarf-with-dsym";
				ENABLE_NS_ASSERTIONS = NO;
				ENABLE_STRICT_OBJC_MSGSEND = YES;
				GCC_C_LANGUAGE_STANDARD = gnu11;
				GCC_NO_COMMON_BLOCKS = YES;
				GCC_WARN_64_TO_32_BIT_CONVERSION = YES;
				GCC_WARN_ABOUT_RETURN_TYPE = YES_ERROR;
				GCC_WARN_UNDECLARED_SELECTOR = YES;
				GCC_WARN_UNINITIALIZED_AUTOS = YES_AGGRESSIVE;
				GCC_WARN_UNUSED_FUNCTION = YES;
				GCC_WARN_UNUSED_VARIABLE = YES;
				IPHONEOS_DEPLOYMENT_TARGET = 14.4;
				MTL_ENABLE_DEBUG_INFO = NO;
				MTL_FAST_MATH = YES;
				SDKROOT = iphoneos;
				SWIFT_COMPILATION_MODE = wholemodule;
				SWIFT_OPTIMIZATION_LEVEL = "-O";
				VALIDATE_PRODUCT = YES;
			};
			name = Release;
		};
		21B397192673704300D410E2 /* Debug */ = {
			isa = XCBuildConfiguration;
			buildSettings = {
				ASSETCATALOG_COMPILER_APPICON_NAME = AppIcon;
				ASSETCATALOG_COMPILER_GLOBAL_ACCENT_COLOR_NAME = AccentColor;
				CODE_SIGN_STYLE = Automatic;
				INFOPLIST_FILE = Gaoha/Info.plist;
				LD_RUNPATH_SEARCH_PATHS = (
					"$(inherited)",
					"@executable_path/Frameworks",
				);
				PRODUCT_BUNDLE_IDENTIFIER = app.takai.yuzuki.Gaoha;
				PRODUCT_NAME = "$(TARGET_NAME)";
				SWIFT_VERSION = 5.0;
				TARGETED_DEVICE_FAMILY = "1,2";
			};
			name = Debug;
		};
		21B3971A2673704300D410E2 /* Release */ = {
			isa = XCBuildConfiguration;
			buildSettings = {
				ASSETCATALOG_COMPILER_APPICON_NAME = AppIcon;
				ASSETCATALOG_COMPILER_GLOBAL_ACCENT_COLOR_NAME = AccentColor;
				CODE_SIGN_STYLE = Automatic;
				INFOPLIST_FILE = Gaoha/Info.plist;
				LD_RUNPATH_SEARCH_PATHS = (
					"$(inherited)",
					"@executable_path/Frameworks",
				);
				PRODUCT_BUNDLE_IDENTIFIER = app.takai.yuzuki.Gaoha;
				PRODUCT_NAME = "$(TARGET_NAME)";
				SWIFT_VERSION = 5.0;
				TARGETED_DEVICE_FAMILY = "1,2";
			};
			name = Release;
		};
/* End XCBuildConfiguration section */

/* Begin XCConfigurationList section */
		21B396FF2673703400D410E2 /* Build configuration list for PBXProject "Gaoha" */ = {
			isa = XCConfigurationList;
			buildConfigurations = (
				21B397162673704300D410E2 /* Debug */,
				21B397172673704300D410E2 /* Release */,
			);
			defaultConfigurationIsVisible = 0;
			defaultConfigurationName = Release;
		};
		21B397182673704300D410E2 /* Build configuration list for PBXNativeTarget "Gaoha" */ = {
			isa = XCConfigurationList;
			buildConfigurations = (
				21B397192673704300D410E2 /* Debug */,
				21B3971A2673704300D410E2 /* Release */,
			);
			defaultConfigurationIsVisible = 0;
			defaultConfigurationName = Release;
		};
/* End XCConfigurationList section */

/* Begin XCRemoteSwiftPackageReference section */
		21524201279187E0008CF454 /* XCRemoteSwiftPackageReference "realm-cocoa" */ = {
			isa = XCRemoteSwiftPackageReference;
			repositoryURL = "https://github.com/realm/realm-cocoa";
			requirement = {
				kind = upToNextMajorVersion;
				minimumVersion = 10.21.1;
			};
		};
/* End XCRemoteSwiftPackageReference section */

/* Begin XCSwiftPackageProductDependency section */
		21524202279187E0008CF454 /* Realm */ = {
			isa = XCSwiftPackageProductDependency;
			package = 21524201279187E0008CF454 /* XCRemoteSwiftPackageReference "realm-cocoa" */;
			productName = Realm;
		};
		21524204279187E0008CF454 /* RealmSwift */ = {
			isa = XCSwiftPackageProductDependency;
			package = 21524201279187E0008CF454 /* XCRemoteSwiftPackageReference "realm-cocoa" */;
			productName = RealmSwift;
		};
/* End XCSwiftPackageProductDependency section */
	};
	rootObject = 21B396FC2673703400D410E2 /* Project object */;
}
